{
  "name": "bun-template",
  "version": "1.0.0",
  "lockfileVersion": 2,
  "requires": true,
  "packages": {
    "": {
      "name": "bun-template",
      "version": "1.0.0",
      "license": "ISC",
      "dependencies": {
        "dayjs": "^1.11.6",
        "hono": "^2.3.2"
      }
    },
    "node_modules/dayjs": {
      "version": "1.11.6",
      "license": "MIT"
    },
    "node_modules/hono": {
      "version": "2.3.2",
      "resolved": "https://registry.npmjs.org/hono/-/hono-2.3.2.tgz",
      "integrity": "sha512-0OPY9TM6ps02gWWQ9fmBq3+1nX98Zmy8GnEK5S9WZMENK1EV+Ol0jG2mPUHPHevcFvROfUQKzEzrQjMBG3HRPw==",
      "engines": {
        "node": ">=16.0.0"
      }
    }
  },
  "dependencies": {
    "dayjs": {
      "version": "1.11.6"
    },
    "hono": {
      "version": "2.3.2",
      "resolved": "https://registry.npmjs.org/hono/-/hono-2.3.2.tgz",
      "integrity": "sha512-0OPY9TM6ps02gWWQ9fmBq3+1nX98Zmy8GnEK5S9WZMENK1EV+Ol0jG2mPUHPHevcFvROfUQKzEzrQjMBG3HRPw=="
    }
  }
}
